// !$*UTF8*$!
{
	archiveVersion = 1;
	classes = {
	};
	objectVersion = 46;
	objects = {

/* Begin PBXBuildFile section */
		683ADBA31CA19883005863A4 /* main.m in Sources */ = {isa = PBXBuildFile; fileRef = 683ADBA21CA19883005863A4 /* main.m */; };
		683ADBA61CA19883005863A4 /* AppDelegate.m in Sources */ = {isa = PBXBuildFile; fileRef = 683ADBA51CA19883005863A4 /* AppDelegate.m */; };
		683ADBA91CA19883005863A4 /* ViewController.m in Sources */ = {isa = PBXBuildFile; fileRef = 683ADBA81CA19883005863A4 /* ViewController.m */; };
		683ADBAC1CA19883005863A4 /* Main.storyboard in Resources */ = {isa = PBXBuildFile; fileRef = 683ADBAA1CA19883005863A4 /* Main.storyboard */; };
		683ADBAE1CA19883005863A4 /* Assets.xcassets in Resources */ = {isa = PBXBuildFile; fileRef = 683ADBAD1CA19883005863A4 /* Assets.xcassets */; };
		683ADBB11CA19883005863A4 /* LaunchScreen.storyboard in Resources */ = {isa = PBXBuildFile; fileRef = 683ADBAF1CA19883005863A4 /* LaunchScreen.storyboard */; };
		9AE987532BDC7AC1FD693515 /* libPods-Sample.a in Frameworks */ = {isa = PBXBuildFile; fileRef = 26E3F7C63D79A1F47BEF1AA2 /* libPods-Sample.a */; };
		DE5187D91CD9AA2A00EC11DE /* Pods-Sample.debug.xcconfig in Resources */ = {isa = PBXBuildFile; fileRef = DE5187D71CD9AA2A00EC11DE /* Pods-Sample.debug.xcconfig */; };
		DE5187DA1CD9AA2A00EC11DE /* Pods-Sample.release.xcconfig in Resources */ = {isa = PBXBuildFile; fileRef = DE5187D81CD9AA2A00EC11DE /* Pods-Sample.release.xcconfig */; };
/* End PBXBuildFile section */

/* Begin PBXFileReference section */
		26E3F7C63D79A1F47BEF1AA2 /* libPods-Sample.a */ = {isa = PBXFileReference; explicitFileType = archive.ar; includeInIndex = 0; path = "libPods-Sample.a"; sourceTree = BUILT_PRODUCTS_DIR; };
		683ADB9E1CA19883005863A4 /* Sample.app */ = {isa = PBXFileReference; explicitFileType = wrapper.application; includeInIndex = 0; path = Sample.app; sourceTree = BUILT_PRODUCTS_DIR; };
		683ADBA21CA19883005863A4 /* main.m */ = {isa = PBXFileReference; lastKnownFileType = sourcecode.c.objc; path = main.m; sourceTree = "<group>"; };
		683ADBA41CA19883005863A4 /* AppDelegate.h */ = {isa = PBXFileReference; lastKnownFileType = sourcecode.c.h; path = AppDelegate.h; sourceTree = "<group>"; };
		683ADBA51CA19883005863A4 /* AppDelegate.m */ = {isa = PBXFileReference; lastKnownFileType = sourcecode.c.objc; path = AppDelegate.m; sourceTree = "<group>"; };
		683ADBA71CA19883005863A4 /* ViewController.h */ = {isa = PBXFileReference; lastKnownFileType = sourcecode.c.h; path = ViewController.h; sourceTree = "<group>"; };
		683ADBA81CA19883005863A4 /* ViewController.m */ = {isa = PBXFileReference; lastKnownFileType = sourcecode.c.objc; path = ViewController.m; sourceTree = "<group>"; };
		683ADBAB1CA19883005863A4 /* Base */ = {isa = PBXFileReference; lastKnownFileType = file.storyboard; name = Base; path = Base.lproj/Main.storyboard; sourceTree = "<group>"; };
		683ADBAD1CA19883005863A4 /* Assets.xcassets */ = {isa = PBXFileReference; lastKnownFileType = folder.assetcatalog; path = Assets.xcassets; sourceTree = "<group>"; };
		683ADBB01CA19883005863A4 /* Base */ = {isa = PBXFileReference; lastKnownFileType = file.storyboard; name = Base; path = Base.lproj/LaunchScreen.storyboard; sourceTree = "<group>"; };
		683ADBB21CA19883005863A4 /* Info.plist */ = {isa = PBXFileReference; lastKnownFileType = text.plist.xml; path = Info.plist; sourceTree = "<group>"; };
		A6F2399FA1A86586D9BDAE05 /* libPods.a */ = {isa = PBXFileReference; explicitFileType = archive.ar; includeInIndex = 0; path = libPods.a; sourceTree = BUILT_PRODUCTS_DIR; };
		DE5187D71CD9AA2A00EC11DE /* Pods-Sample.debug.xcconfig */ = {isa = PBXFileReference; fileEncoding = 4; lastKnownFileType = text.xcconfig; name = "Pods-Sample.debug.xcconfig"; path = "Pods/Target Support Files/Pods-Sample/Pods-Sample.debug.xcconfig"; sourceTree = "<group>"; };
		DE5187D81CD9AA2A00EC11DE /* Pods-Sample.release.xcconfig */ = {isa = PBXFileReference; fileEncoding = 4; lastKnownFileType = text.xcconfig; name = "Pods-Sample.release.xcconfig"; path = "Pods/Target Support Files/Pods-Sample/Pods-Sample.release.xcconfig"; sourceTree = "<group>"; };
/* End PBXFileReference section */

/* Begin PBXFrameworksBuildPhase section */
		683ADB9B1CA19883005863A4 /* Frameworks */ = {
			isa = PBXFrameworksBuildPhase;
			buildActionMask = 2147483647;
			files = (
				9AE987532BDC7AC1FD693515 /* libPods-Sample.a in Frameworks */,
			);
			runOnlyForDeploymentPostprocessing = 0;
		};
/* End PBXFrameworksBuildPhase section */

/* Begin PBXGroup section */
		683ADB951CA19883005863A4 = {
			isa = PBXGroup;
			children = (
				683ADBA01CA19883005863A4 /* ASAnimatedImage */,
				683ADB9F1CA19883005863A4 /* Products */,
				71A772B0DB9B7760CE330DD9 /* Pods */,
				8C6AC07DE55B51935C632F56 /* Frameworks */,
			);
			sourceTree = "<group>";
		};
		683ADB9F1CA19883005863A4 /* Products */ = {
			isa = PBXGroup;
			children = (
				683ADB9E1CA19883005863A4 /* Sample.app */,
			);
			name = Products;
			sourceTree = "<group>";
		};
		683ADBA01CA19883005863A4 /* ASAnimatedImage */ = {
			isa = PBXGroup;
			children = (
				683ADBA41CA19883005863A4 /* AppDelegate.h */,
				683ADBA51CA19883005863A4 /* AppDelegate.m */,
				683ADBA71CA19883005863A4 /* ViewController.h */,
				683ADBA81CA19883005863A4 /* ViewController.m */,
				683ADBAA1CA19883005863A4 /* Main.storyboard */,
				683ADBAD1CA19883005863A4 /* Assets.xcassets */,
				683ADBAF1CA19883005863A4 /* LaunchScreen.storyboard */,
				683ADBB21CA19883005863A4 /* Info.plist */,
				683ADBA11CA19883005863A4 /* Supporting Files */,
			);
			path = ASAnimatedImage;
			sourceTree = "<group>";
		};
		683ADBA11CA19883005863A4 /* Supporting Files */ = {
			isa = PBXGroup;
			children = (
				683ADBA21CA19883005863A4 /* main.m */,
			);
			name = "Supporting Files";
			sourceTree = "<group>";
		};
		71A772B0DB9B7760CE330DD9 /* Pods */ = {
			isa = PBXGroup;
			children = (
				DE5187D71CD9AA2A00EC11DE /* Pods-Sample.debug.xcconfig */,
				DE5187D81CD9AA2A00EC11DE /* Pods-Sample.release.xcconfig */,
			);
			name = Pods;
			sourceTree = "<group>";
		};
		8C6AC07DE55B51935C632F56 /* Frameworks */ = {
			isa = PBXGroup;
			children = (
				A6F2399FA1A86586D9BDAE05 /* libPods.a */,
				26E3F7C63D79A1F47BEF1AA2 /* libPods-Sample.a */,
			);
			name = Frameworks;
			sourceTree = "<group>";
		};
/* End PBXGroup section */

/* Begin PBXNativeTarget section */
		683ADB9D1CA19883005863A4 /* Sample */ = {
			isa = PBXNativeTarget;
			buildConfigurationList = 683ADBB51CA19883005863A4 /* Build configuration list for PBXNativeTarget "Sample" */;
			buildPhases = (
				694B306B43ED1C3916B0D909 /* [CP] Check Pods Manifest.lock */,
				683ADB9A1CA19883005863A4 /* Sources */,
				683ADB9B1CA19883005863A4 /* Frameworks */,
				683ADB9C1CA19883005863A4 /* Resources */,
				26A96BEEF893B1FA39F144CF /* [CP] Embed Pods Frameworks */,
				2ADE0E7B5309A9CD043DDB3E /* [CP] Copy Pods Resources */,
			);
			buildRules = (
			);
			dependencies = (
			);
			name = Sample;
			productName = ASAnimatedImage;
			productReference = 683ADB9E1CA19883005863A4 /* Sample.app */;
			productType = "com.apple.product-type.application";
		};
/* End PBXNativeTarget section */

/* Begin PBXProject section */
		683ADB961CA19883005863A4 /* Project object */ = {
			isa = PBXProject;
			attributes = {
				LastUpgradeCheck = 0720;
				ORGANIZATIONNAME = "Facebook, Inc.";
				TargetAttributes = {
					683ADB9D1CA19883005863A4 = {
						CreatedOnToolsVersion = 7.2;
					};
				};
			};
			buildConfigurationList = 683ADB991CA19883005863A4 /* Build configuration list for PBXProject "Sample" */;
			compatibilityVersion = "Xcode 3.2";
			developmentRegion = English;
			hasScannedForEncodings = 0;
			knownRegions = (
				en,
				Base,
			);
			mainGroup = 683ADB951CA19883005863A4;
			productRefGroup = 683ADB9F1CA19883005863A4 /* Products */;
			projectDirPath = "";
			projectRoot = "";
			targets = (
				683ADB9D1CA19883005863A4 /* Sample */,
			);
		};
/* End PBXProject section */

/* Begin PBXResourcesBuildPhase section */
		683ADB9C1CA19883005863A4 /* Resources */ = {
			isa = PBXResourcesBuildPhase;
			buildActionMask = 2147483647;
			files = (
				683ADBB11CA19883005863A4 /* LaunchScreen.storyboard in Resources */,
				683ADBAE1CA19883005863A4 /* Assets.xcassets in Resources */,
				683ADBAC1CA19883005863A4 /* Main.storyboard in Resources */,
				DE5187DA1CD9AA2A00EC11DE /* Pods-Sample.release.xcconfig in Resources */,
				DE5187D91CD9AA2A00EC11DE /* Pods-Sample.debug.xcconfig in Resources */,
			);
			runOnlyForDeploymentPostprocessing = 0;
		};
/* End PBXResourcesBuildPhase section */

/* Begin PBXShellScriptBuildPhase section */
		26A96BEEF893B1FA39F144CF /* [CP] Embed Pods Frameworks */ = {
			isa = PBXShellScriptBuildPhase;
			buildActionMask = 2147483647;
			files = (
			);
			inputPaths = (
			);
			name = "[CP] Embed Pods Frameworks";
			outputPaths = (
			);
			runOnlyForDeploymentPostprocessing = 0;
			shellPath = /bin/sh;
			shellScript = "\"${SRCROOT}/Pods/Target Support Files/Pods-Sample/Pods-Sample-frameworks.sh\"\n";
			showEnvVarsInLog = 0;
		};
		2ADE0E7B5309A9CD043DDB3E /* [CP] Copy Pods Resources */ = {
			isa = PBXShellScriptBuildPhase;
			buildActionMask = 2147483647;
			files = (
			);
			inputPaths = (
			);
			name = "[CP] Copy Pods Resources";
			outputPaths = (
			);
			runOnlyForDeploymentPostprocessing = 0;
			shellPath = /bin/sh;
			shellScript = "\"${SRCROOT}/Pods/Target Support Files/Pods-Sample/Pods-Sample-resources.sh\"\n";
			showEnvVarsInLog = 0;
		};
		694B306B43ED1C3916B0D909 /* [CP] Check Pods Manifest.lock */ = {
			isa = PBXShellScriptBuildPhase;
			buildActionMask = 2147483647;
			files = (
			);
			inputPaths = (
			);
			name = "[CP] Check Pods Manifest.lock";
			outputPaths = (
			);
			runOnlyForDeploymentPostprocessing = 0;
			shellPath = /bin/sh;
			shellScript = "diff \"${PODS_ROOT}/../Podfile.lock\" \"${PODS_ROOT}/Manifest.lock\" > /dev/null\nif [ $? != 0 ] ; then\n    # print error to STDERR\n    echo \"error: The sandbox is not in sync with the Podfile.lock. Run 'pod install' or update your CocoaPods installation.\" >&2\n    exit 1\nfi\n";
			showEnvVarsInLog = 0;
		};
/* End PBXShellScriptBuildPhase section */

/* Begin PBXSourcesBuildPhase section */
		683ADB9A1CA19883005863A4 /* Sources */ = {
			isa = PBXSourcesBuildPhase;
			buildActionMask = 2147483647;
			files = (
				683ADBA91CA19883005863A4 /* ViewController.m in Sources */,
				683ADBA61CA19883005863A4 /* AppDelegate.m in Sources */,
				683ADBA31CA19883005863A4 /* main.m in Sources */,
			);
			runOnlyForDeploymentPostprocessing = 0;
		};
/* End PBXSourcesBuildPhase section */

/* Begin PBXVariantGroup section */
		683ADBAA1CA19883005863A4 /* Main.storyboard */ = {
			isa = PBXVariantGroup;
			children = (
				683ADBAB1CA19883005863A4 /* Base */,
			);
			name = Main.storyboard;
			sourceTree = "<group>";
		};
		683ADBAF1CA19883005863A4 /* LaunchScreen.storyboard */ = {
			isa = PBXVariantGroup;
			children = (
				683ADBB01CA19883005863A4 /* Base */,
			);
			name = LaunchScreen.storyboard;
			sourceTree = "<group>";
		};
/* End PBXVariantGroup section */

/* Begin XCBuildConfiguration section */
		683ADBB31CA19883005863A4 /* Debug */ = {
			isa = XCBuildConfiguration;
			buildSettings = {
				ALWAYS_SEARCH_USER_PATHS = NO;
				CLANG_CXX_LANGUAGE_STANDARD = "gnu++0x";
				CLANG_CXX_LIBRARY = "libc++";
				CLANG_ENABLE_MODULES = YES;
				CLANG_ENABLE_OBJC_ARC = YES;
				CLANG_WARN_BOOL_CONVERSION = YES;
				CLANG_WARN_CONSTANT_CONVERSION = YES;
				CLANG_WARN_DIRECT_OBJC_ISA_USAGE = YES_ERROR;
				CLANG_WARN_EMPTY_BODY = YES;
				CLANG_WARN_ENUM_CONVERSION = YES;
				CLANG_WARN_INT_CONVERSION = YES;
				CLANG_WARN_OBJC_ROOT_CLASS = YES_ERROR;
				CLANG_WARN_UNREACHABLE_CODE = YES;
				CLANG_WARN__DUPLICATE_METHOD_MATCH = YES;
				"CODE_SIGN_IDENTITY[sdk=iphoneos*]" = "iPhone Developer";
				COPY_PHASE_STRIP = NO;
				DEBUG_INFORMATION_FORMAT = dwarf;
				ENABLE_STRICT_OBJC_MSGSEND = YES;
				ENABLE_TESTABILITY = YES;
				GCC_C_LANGUAGE_STANDARD = gnu99;
				GCC_DYNAMIC_NO_PIC = NO;
				GCC_NO_COMMON_BLOCKS = YES;
				GCC_OPTIMIZATION_LEVEL = 0;
				GCC_PREPROCESSOR_DEFINITIONS = (
					"DEBUG=1",
					"$(inherited)",
				);
				GCC_WARN_64_TO_32_BIT_CONVERSION = YES;
				GCC_WARN_ABOUT_RETURN_TYPE = YES_ERROR;
				GCC_WARN_UNDECLARED_SELECTOR = YES;
				GCC_WARN_UNINITIALIZED_AUTOS = YES_AGGRESSIVE;
				GCC_WARN_UNUSED_FUNCTION = YES;
				GCC_WARN_UNUSED_VARIABLE = YES;
				IPHONEOS_DEPLOYMENT_TARGET = 9.2;
				MTL_ENABLE_DEBUG_INFO = YES;
				ONLY_ACTIVE_ARCH = YES;
				SDKROOT = iphoneos;
				TARGETED_DEVICE_FAMILY = "1,2";
			};
			name = Debug;
		};
		683ADBB41CA19883005863A4 /* Release */ = {
			isa = XCBuildConfiguration;
			buildSettings = {
				ALWAYS_SEARCH_USER_PATHS = NO;
				CLANG_CXX_LANGUAGE_STANDARD = "gnu++0x";
				CLANG_CXX_LIBRARY = "libc++";
				CLANG_ENABLE_MODULES = YES;
				CLANG_ENABLE_OBJC_ARC = YES;
				CLANG_WARN_BOOL_CONVERSION = YES;
				CLANG_WARN_CONSTANT_CONVERSION = YES;
				CLANG_WARN_DIRECT_OBJC_ISA_USAGE = YES_ERROR;
				CLANG_WARN_EMPTY_BODY = YES;
				CLANG_WARN_ENUM_CONVERSION = YES;
				CLANG_WARN_INT_CONVERSION = YES;
				CLANG_WARN_OBJC_ROOT_CLASS = YES_ERROR;
				CLANG_WARN_UNREACHABLE_CODE = YES;
				CLANG_WARN__DUPLICATE_METHOD_MATCH = YES;
				"CODE_SIGN_IDENTITY[sdk=iphoneos*]" = "iPhone Developer";
				COPY_PHASE_STRIP = NO;
				DEBUG_INFORMATION_FORMAT = "dwarf-with-dsym";
				ENABLE_NS_ASSERTIONS = NO;
				ENABLE_STRICT_OBJC_MSGSEND = YES;
				GCC_C_LANGUAGE_STANDARD = gnu99;
				GCC_NO_COMMON_BLOCKS = YES;
				GCC_WARN_64_TO_32_BIT_CONVERSION = YES;
				GCC_WARN_ABOUT_RETURN_TYPE = YES_ERROR;
				GCC_WARN_UNDECLARED_SELECTOR = YES;
				GCC_WARN_UNINITIALIZED_AUTOS = YES_AGGRESSIVE;
				GCC_WARN_UNUSED_FUNCTION = YES;
				GCC_WARN_UNUSED_VARIABLE = YES;
				IPHONEOS_DEPLOYMENT_TARGET = 9.2;
				MTL_ENABLE_DEBUG_INFO = NO;
				SDKROOT = iphoneos;
				TARGETED_DEVICE_FAMILY = "1,2";
				VALIDATE_PRODUCT = YES;
			};
			name = Release;
		};
		683ADBB61CA19883005863A4 /* Debug */ = {
			isa = XCBuildConfiguration;
			baseConfigurationReference = DE5187D71CD9AA2A00EC11DE /* Pods-Sample.debug.xcconfig */;
			buildSettings = {
				ASSETCATALOG_COMPILER_APPICON_NAME = AppIcon;
				INFOPLIST_FILE = ASAnimatedImage/Info.plist;
				LD_RUNPATH_SEARCH_PATHS = "$(inherited) @executable_path/Frameworks";
				PRODUCT_BUNDLE_IDENTIFIER = com.facebook.AsyncDisplayKit.Sample;
				PRODUCT_NAME = "$(TARGET_NAME)";
			};
			name = Debug;
		};
		683ADBB71CA19883005863A4 /* Release */ = {
			isa = XCBuildConfiguration;
			baseConfigurationReference = DE5187D81CD9AA2A00EC11DE /* Pods-Sample.release.xcconfig */;
			buildSettings = {
				ASSETCATALOG_COMPILER_APPICON_NAME = AppIcon;
				INFOPLIST_FILE = ASAnimatedImage/Info.plist;
				LD_RUNPATH_SEARCH_PATHS = "$(inherited) @executable_path/Frameworks";
				PRODUCT_BUNDLE_IDENTIFIER = com.facebook.AsyncDisplayKit.Sample;
				PRODUCT_NAME = "$(TARGET_NAME)";
			};
			name = Release;
		};
/* End XCBuildConfiguration section */

/* Begin XCConfigurationList section */
		683ADB991CA19883005863A4 /* Build configuration list for PBXProject "Sample" */ = {
			isa = XCConfigurationList;
			buildConfigurations = (
				683ADBB31CA19883005863A4 /* Debug */,
				683ADBB41CA19883005863A4 /* Release */,
			);
			defaultConfigurationIsVisible = 0;
			defaultConfigurationName = Release;
		};
		683ADBB51CA19883005863A4 /* Build configuration list for PBXNativeTarget "Sample" */ = {
			isa = XCConfigurationList;
			buildConfigurations = (
				683ADBB61CA19883005863A4 /* Debug */,
				683ADBB71CA19883005863A4 /* Release */,
			);
			defaultConfigurationIsVisible = 0;
			defaultConfigurationName = Release;
		};
/* End XCConfigurationList section */
	};
	rootObject = 683ADB961CA19883005863A4 /* Project object */;
}
