// !$*UTF8*$!
{
	archiveVersion = 1;
	classes = {
	};
	objectVersion = 46;
	objects = {

/* Begin PBXBuildFile section */
		25FDEC921BF31EE700CEB123 /* ItemNode.m in Sources */ = {isa = PBXBuildFile; fileRef = 25FDEC911BF31EE700CEB123 /* ItemNode.m */; };
		7A83848E1C34359D002CDD08 /* ItemViewModel.m in Sources */ = {isa = PBXBuildFile; fileRef = 7A83848D1C34359D002CDD08 /* ItemViewModel.m */; };
		7A8384941C343680002CDD08 /* BlurbNode.m in Sources */ = {isa = PBXBuildFile; fileRef = 7A8384921C343680002CDD08 /* BlurbNode.m */; };
		7A8384971C344057002CDD08 /* ItemStyles.m in Sources */ = {isa = PBXBuildFile; fileRef = 7A8384961C344057002CDD08 /* ItemStyles.m */; };
		7ACD5F891C415B7500E7BE16 /* LoadingNode.m in Sources */ = {isa = PBXBuildFile; fileRef = 7ACD5F881C415B7500E7BE16 /* LoadingNode.m */; };
		7ACD5F961C4847C000E7BE16 /* PlaceholderNetworkImageNode.m in Sources */ = {isa = PBXBuildFile; fileRef = 7ACD5F951C4847C000E7BE16 /* PlaceholderNetworkImageNode.m */; };
		9BA2CEA11BB2579C00D18414 /* Launchboard.storyboard in Resources */ = {isa = PBXBuildFile; fileRef = 9BA2CEA01BB2579C00D18414 /* Launchboard.storyboard */; };
		AC3C4A641A11F47200143C57 /* main.m in Sources */ = {isa = PBXBuildFile; fileRef = AC3C4A631A11F47200143C57 /* main.m */; };
		AC3C4A671A11F47200143C57 /* AppDelegate.m in Sources */ = {isa = PBXBuildFile; fileRef = AC3C4A661A11F47200143C57 /* AppDelegate.m */; };
		AC3C4A6A1A11F47200143C57 /* ViewController.m in Sources */ = {isa = PBXBuildFile; fileRef = AC3C4A691A11F47200143C57 /* ViewController.m */; };
		AC3C4A8E1A11F80C00143C57 /* Images.xcassets in Resources */ = {isa = PBXBuildFile; fileRef = AC3C4A8D1A11F80C00143C57 /* Images.xcassets */; };
		FABD6D156A3EB118497E5CE6 /* libPods.a in Frameworks */ = {isa = PBXBuildFile; fileRef = F02BAF78E68BC56FD8C161B7 /* libPods.a */; };
		FC3FCA801C2B1564009F6D6D /* PresentingViewController.m in Sources */ = {isa = PBXBuildFile; fileRef = FC3FCA7F1C2B1564009F6D6D /* PresentingViewController.m */; };
/* End PBXBuildFile section */

/* Begin PBXFileReference section */
		25FDEC901BF31EE700CEB123 /* ItemNode.h */ = {isa = PBXFileReference; fileEncoding = 4; lastKnownFileType = sourcecode.c.h; path = ItemNode.h; sourceTree = "<group>"; };
		25FDEC911BF31EE700CEB123 /* ItemNode.m */ = {isa = PBXFileReference; fileEncoding = 4; lastKnownFileType = sourcecode.c.objc; path = ItemNode.m; sourceTree = "<group>"; };
		2DBAEE96397BB913350C4530 /* Pods.debug.xcconfig */ = {isa = PBXFileReference; includeInIndex = 1; lastKnownFileType = text.xcconfig; name = Pods.debug.xcconfig; path = "Pods/Target Support Files/Pods/Pods.debug.xcconfig"; sourceTree = "<group>"; };
		7A83848C1C34359D002CDD08 /* ItemViewModel.h */ = {isa = PBXFileReference; fileEncoding = 4; lastKnownFileType = sourcecode.c.h; path = ItemViewModel.h; sourceTree = "<group>"; };
		7A83848D1C34359D002CDD08 /* ItemViewModel.m */ = {isa = PBXFileReference; fileEncoding = 4; lastKnownFileType = sourcecode.c.objc; path = ItemViewModel.m; sourceTree = "<group>"; };
		7A8384911C343680002CDD08 /* BlurbNode.h */ = {isa = PBXFileReference; fileEncoding = 4; lastKnownFileType = sourcecode.c.h; path = BlurbNode.h; sourceTree = "<group>"; };
		7A8384921C343680002CDD08 /* BlurbNode.m */ = {isa = PBXFileReference; fileEncoding = 4; lastKnownFileType = sourcecode.c.objc; path = BlurbNode.m; sourceTree = "<group>"; };
		7A8384951C344057002CDD08 /* ItemStyles.h */ = {isa = PBXFileReference; fileEncoding = 4; lastKnownFileType = sourcecode.c.h; path = ItemStyles.h; sourceTree = "<group>"; };
		7A8384961C344057002CDD08 /* ItemStyles.m */ = {isa = PBXFileReference; fileEncoding = 4; lastKnownFileType = sourcecode.c.objc; path = ItemStyles.m; sourceTree = "<group>"; };
		7ACD5F871C415B7500E7BE16 /* LoadingNode.h */ = {isa = PBXFileReference; fileEncoding = 4; lastKnownFileType = sourcecode.c.h; path = LoadingNode.h; sourceTree = "<group>"; };
		7ACD5F881C415B7500E7BE16 /* LoadingNode.m */ = {isa = PBXFileReference; fileEncoding = 4; lastKnownFileType = sourcecode.c.objc; path = LoadingNode.m; sourceTree = "<group>"; };
		7ACD5F941C4847C000E7BE16 /* PlaceholderNetworkImageNode.h */ = {isa = PBXFileReference; fileEncoding = 4; lastKnownFileType = sourcecode.c.h; path = PlaceholderNetworkImageNode.h; sourceTree = "<group>"; };
		7ACD5F951C4847C000E7BE16 /* PlaceholderNetworkImageNode.m */ = {isa = PBXFileReference; fileEncoding = 4; lastKnownFileType = sourcecode.c.objc; path = PlaceholderNetworkImageNode.m; sourceTree = "<group>"; };
		9BA2CEA01BB2579C00D18414 /* Launchboard.storyboard */ = {isa = PBXFileReference; fileEncoding = 4; lastKnownFileType = file.storyboard; path = Launchboard.storyboard; sourceTree = "<group>"; };
		AC3C4A5E1A11F47200143C57 /* Sample.app */ = {isa = PBXFileReference; explicitFileType = wrapper.application; includeInIndex = 0; path = Sample.app; sourceTree = BUILT_PRODUCTS_DIR; };
		AC3C4A621A11F47200143C57 /* Info.plist */ = {isa = PBXFileReference; lastKnownFileType = text.plist.xml; path = Info.plist; sourceTree = "<group>"; };
		AC3C4A631A11F47200143C57 /* main.m */ = {isa = PBXFileReference; lastKnownFileType = sourcecode.c.objc; path = main.m; sourceTree = "<group>"; };
		AC3C4A651A11F47200143C57 /* AppDelegate.h */ = {isa = PBXFileReference; lastKnownFileType = sourcecode.c.h; path = AppDelegate.h; sourceTree = "<group>"; };
		AC3C4A661A11F47200143C57 /* AppDelegate.m */ = {isa = PBXFileReference; lastKnownFileType = sourcecode.c.objc; path = AppDelegate.m; sourceTree = "<group>"; };
		AC3C4A681A11F47200143C57 /* ViewController.h */ = {isa = PBXFileReference; lastKnownFileType = sourcecode.c.h; path = ViewController.h; sourceTree = "<group>"; };
		AC3C4A691A11F47200143C57 /* ViewController.m */ = {isa = PBXFileReference; lastKnownFileType = sourcecode.c.objc; path = ViewController.m; sourceTree = "<group>"; };
		AC3C4A8D1A11F80C00143C57 /* Images.xcassets */ = {isa = PBXFileReference; lastKnownFileType = folder.assetcatalog; path = Images.xcassets; sourceTree = "<group>"; };
		CD1ABB23007FEDB31D8C1978 /* Pods.release.xcconfig */ = {isa = PBXFileReference; includeInIndex = 1; lastKnownFileType = text.xcconfig; name = Pods.release.xcconfig; path = "Pods/Target Support Files/Pods/Pods.release.xcconfig"; sourceTree = "<group>"; };
		F02BAF78E68BC56FD8C161B7 /* libPods.a */ = {isa = PBXFileReference; explicitFileType = archive.ar; includeInIndex = 0; path = libPods.a; sourceTree = BUILT_PRODUCTS_DIR; };
		FC3FCA7E1C2B1564009F6D6D /* PresentingViewController.h */ = {isa = PBXFileReference; fileEncoding = 4; lastKnownFileType = sourcecode.c.h; path = PresentingViewController.h; sourceTree = "<group>"; };
		FC3FCA7F1C2B1564009F6D6D /* PresentingViewController.m */ = {isa = PBXFileReference; fileEncoding = 4; lastKnownFileType = sourcecode.c.objc; path = PresentingViewController.m; sourceTree = "<group>"; };
/* End PBXFileReference section */

/* Begin PBXFrameworksBuildPhase section */
		AC3C4A5B1A11F47200143C57 /* Frameworks */ = {
			isa = PBXFrameworksBuildPhase;
			buildActionMask = 2147483647;
			files = (
				FABD6D156A3EB118497E5CE6 /* libPods.a in Frameworks */,
			);
			runOnlyForDeploymentPostprocessing = 0;
		};
/* End PBXFrameworksBuildPhase section */

/* Begin PBXGroup section */
		90A2B9C5397C46134C8A793B /* Pods */ = {
			isa = PBXGroup;
			children = (
				2DBAEE96397BB913350C4530 /* Pods.debug.xcconfig */,
				CD1ABB23007FEDB31D8C1978 /* Pods.release.xcconfig */,
			);
			name = Pods;
			sourceTree = "<group>";
		};
		AC3C4A551A11F47200143C57 = {
			isa = PBXGroup;
			children = (
				AC3C4A601A11F47200143C57 /* Sample */,
				AC3C4A5F1A11F47200143C57 /* Products */,
				90A2B9C5397C46134C8A793B /* Pods */,
				D6E38FF0CB18E3F55CF06437 /* Frameworks */,
			);
			sourceTree = "<group>";
		};
		AC3C4A5F1A11F47200143C57 /* Products */ = {
			isa = PBXGroup;
			children = (
				AC3C4A5E1A11F47200143C57 /* Sample.app */,
			);
			name = Products;
			sourceTree = "<group>";
		};
		AC3C4A601A11F47200143C57 /* Sample */ = {
			isa = PBXGroup;
			children = (
				AC3C4A651A11F47200143C57 /* AppDelegate.h */,
				AC3C4A661A11F47200143C57 /* AppDelegate.m */,
				AC3C4A681A11F47200143C57 /* ViewController.h */,
				AC3C4A691A11F47200143C57 /* ViewController.m */,
				7ACD5F941C4847C000E7BE16 /* PlaceholderNetworkImageNode.h */,
				7ACD5F951C4847C000E7BE16 /* PlaceholderNetworkImageNode.m */,
				FC3FCA7E1C2B1564009F6D6D /* PresentingViewController.h */,
				FC3FCA7F1C2B1564009F6D6D /* PresentingViewController.m */,
				AC3C4A8D1A11F80C00143C57 /* Images.xcassets */,
				AC3C4A611A11F47200143C57 /* Supporting Files */,
				25FDEC901BF31EE700CEB123 /* ItemNode.h */,
				25FDEC911BF31EE700CEB123 /* ItemNode.m */,
				7A8384951C344057002CDD08 /* ItemStyles.h */,
				7A8384961C344057002CDD08 /* ItemStyles.m */,
				7A83848C1C34359D002CDD08 /* ItemViewModel.h */,
				7A83848D1C34359D002CDD08 /* ItemViewModel.m */,
				7A8384911C343680002CDD08 /* BlurbNode.h */,
				7A8384921C343680002CDD08 /* BlurbNode.m */,
				7ACD5F871C415B7500E7BE16 /* LoadingNode.h */,
				7ACD5F881C415B7500E7BE16 /* LoadingNode.m */,
			);
			indentWidth = 2;
			path = Sample;
			sourceTree = "<group>";
			tabWidth = 2;
			usesTabs = 0;
		};
		AC3C4A611A11F47200143C57 /* Supporting Files */ = {
			isa = PBXGroup;
			children = (
				AC3C4A621A11F47200143C57 /* Info.plist */,
				AC3C4A631A11F47200143C57 /* main.m */,
				9BA2CEA01BB2579C00D18414 /* Launchboard.storyboard */,
			);
			name = "Supporting Files";
			sourceTree = "<group>";
		};
		D6E38FF0CB18E3F55CF06437 /* Frameworks */ = {
			isa = PBXGroup;
			children = (
				F02BAF78E68BC56FD8C161B7 /* libPods.a */,
			);
			name = Frameworks;
			sourceTree = "<group>";
		};
/* End PBXGroup section */

/* Begin PBXNativeTarget section */
		AC3C4A5D1A11F47200143C57 /* Sample */ = {
			isa = PBXNativeTarget;
			buildConfigurationList = AC3C4A811A11F47200143C57 /* Build configuration list for PBXNativeTarget "Sample" */;
			buildPhases = (
				F868CFBB21824CC9521B6588 /* Check Pods Manifest.lock */,
				AC3C4A5A1A11F47200143C57 /* Sources */,
				AC3C4A5B1A11F47200143C57 /* Frameworks */,
				AC3C4A5C1A11F47200143C57 /* Resources */,
				A6902C454C7661D0D277AC62 /* Copy Pods Resources */,
				B4CD33E927E6F4EE5DD6CCF0 /* Embed Pods Frameworks */,
			);
			buildRules = (
			);
			dependencies = (
			);
			name = Sample;
			productName = Sample;
			productReference = AC3C4A5E1A11F47200143C57 /* Sample.app */;
			productType = "com.apple.product-type.application";
		};
/* End PBXNativeTarget section */

/* Begin PBXProject section */
		AC3C4A561A11F47200143C57 /* Project object */ = {
			isa = PBXProject;
			attributes = {
				LastUpgradeCheck = 0610;
				ORGANIZATIONNAME = Facebook;
				TargetAttributes = {
					AC3C4A5D1A11F47200143C57 = {
						CreatedOnToolsVersion = 6.1;
					};
				};
			};
			buildConfigurationList = AC3C4A591A11F47200143C57 /* Build configuration list for PBXProject "Sample" */;
			compatibilityVersion = "Xcode 3.2";
			developmentRegion = English;
			hasScannedForEncodings = 0;
			knownRegions = (
				en,
				Base,
			);
			mainGroup = AC3C4A551A11F47200143C57;
			productRefGroup = AC3C4A5F1A11F47200143C57 /* Products */;
			projectDirPath = "";
			projectRoot = "";
			targets = (
				AC3C4A5D1A11F47200143C57 /* Sample */,
			);
		};
/* End PBXProject section */

/* Begin PBXResourcesBuildPhase section */
		AC3C4A5C1A11F47200143C57 /* Resources */ = {
			isa = PBXResourcesBuildPhase;
			buildActionMask = 2147483647;
			files = (
				9BA2CEA11BB2579C00D18414 /* Launchboard.storyboard in Resources */,
				AC3C4A8E1A11F80C00143C57 /* Images.xcassets in Resources */,
			);
			runOnlyForDeploymentPostprocessing = 0;
		};
/* End PBXResourcesBuildPhase section */

/* Begin PBXShellScriptBuildPhase section */
		A6902C454C7661D0D277AC62 /* Copy Pods Resources */ = {
			isa = PBXShellScriptBuildPhase;
			buildActionMask = 2147483647;
			files = (
			);
			inputPaths = (
			);
			name = "Copy Pods Resources";
			outputPaths = (
			);
			runOnlyForDeploymentPostprocessing = 0;
			shellPath = /bin/sh;
			shellScript = "\"${SRCROOT}/Pods/Target Support Files/Pods/Pods-resources.sh\"\n";
			showEnvVarsInLog = 0;
		};
		B4CD33E927E6F4EE5DD6CCF0 /* Embed Pods Frameworks */ = {
			isa = PBXShellScriptBuildPhase;
			buildActionMask = 2147483647;
			files = (
			);
			inputPaths = (
			);
			name = "Embed Pods Frameworks";
			outputPaths = (
			);
			runOnlyForDeploymentPostprocessing = 0;
			shellPath = /bin/sh;
			shellScript = "\"${SRCROOT}/Pods/Target Support Files/Pods/Pods-frameworks.sh\"\n";
			showEnvVarsInLog = 0;
		};
		F868CFBB21824CC9521B6588 /* Check Pods Manifest.lock */ = {
			isa = PBXShellScriptBuildPhase;
			buildActionMask = 2147483647;
			files = (
			);
			inputPaths = (
			);
			name = "Check Pods Manifest.lock";
			outputPaths = (
			);
			runOnlyForDeploymentPostprocessing = 0;
			shellPath = /bin/sh;
			shellScript = "diff \"${PODS_ROOT}/../Podfile.lock\" \"${PODS_ROOT}/Manifest.lock\" > /dev/null\nif [[ $? != 0 ]] ; then\n    cat << EOM\nerror: The sandbox is not in sync with the Podfile.lock. Run 'pod install' or update your CocoaPods installation.\nEOM\n    exit 1\nfi\n";
			showEnvVarsInLog = 0;
		};
/* End PBXShellScriptBuildPhase section */

/* Begin PBXSourcesBuildPhase section */
		AC3C4A5A1A11F47200143C57 /* Sources */ = {
			isa = PBXSourcesBuildPhase;
			buildActionMask = 2147483647;
			files = (
				25FDEC921BF31EE700CEB123 /* ItemNode.m in Sources */,
				7ACD5F891C415B7500E7BE16 /* LoadingNode.m in Sources */,
				AC3C4A6A1A11F47200143C57 /* ViewController.m in Sources */,
				7A8384971C344057002CDD08 /* ItemStyles.m in Sources */,
				FC3FCA801C2B1564009F6D6D /* PresentingViewController.m in Sources */,
				7A8384941C343680002CDD08 /* BlurbNode.m in Sources */,
				7A83848E1C34359D002CDD08 /* ItemViewModel.m in Sources */,
				AC3C4A671A11F47200143C57 /* AppDelegate.m in Sources */,
				7ACD5F961C4847C000E7BE16 /* PlaceholderNetworkImageNode.m in Sources */,
				AC3C4A641A11F47200143C57 /* main.m in Sources */,
			);
			runOnlyForDeploymentPostprocessing = 0;
		};
/* End PBXSourcesBuildPhase section */

/* Begin XCBuildConfiguration section */
		AC3C4A7F1A11F47200143C57 /* Debug */ = {
			isa = XCBuildConfiguration;
			buildSettings = {
				ALWAYS_SEARCH_USER_PATHS = NO;
				CLANG_CXX_LANGUAGE_STANDARD = "gnu++0x";
				CLANG_CXX_LIBRARY = "libc++";
				CLANG_ENABLE_MODULES = YES;
				CLANG_ENABLE_OBJC_ARC = YES;
				CLANG_WARN_BOOL_CONVERSION = YES;
				CLANG_WARN_CONSTANT_CONVERSION = YES;
				CLANG_WARN_DIRECT_OBJC_ISA_USAGE = YES_ERROR;
				CLANG_WARN_EMPTY_BODY = YES;
				CLANG_WARN_ENUM_CONVERSION = YES;
				CLANG_WARN_INT_CONVERSION = YES;
				CLANG_WARN_OBJC_ROOT_CLASS = YES_ERROR;
				CLANG_WARN_UNREACHABLE_CODE = YES;
				CLANG_WARN__DUPLICATE_METHOD_MATCH = YES;
				"CODE_SIGN_IDENTITY[sdk=iphoneos*]" = "iPhone Developer";
				COPY_PHASE_STRIP = NO;
				ENABLE_STRICT_OBJC_MSGSEND = YES;
				GCC_C_LANGUAGE_STANDARD = gnu99;
				GCC_DYNAMIC_NO_PIC = NO;
				GCC_OPTIMIZATION_LEVEL = 0;
				GCC_PREPROCESSOR_DEFINITIONS = (
					"DEBUG=1",
					"$(inherited)",
				);
				GCC_SYMBOLS_PRIVATE_EXTERN = NO;
				GCC_WARN_64_TO_32_BIT_CONVERSION = YES;
				GCC_WARN_ABOUT_RETURN_TYPE = YES_ERROR;
				GCC_WARN_UNDECLARED_SELECTOR = YES;
				GCC_WARN_UNINITIALIZED_AUTOS = YES_AGGRESSIVE;
				GCC_WARN_UNUSED_FUNCTION = YES;
				GCC_WARN_UNUSED_VARIABLE = YES;
				IPHONEOS_DEPLOYMENT_TARGET = 8.1;
				MTL_ENABLE_DEBUG_INFO = YES;
				ONLY_ACTIVE_ARCH = YES;
				SDKROOT = iphoneos;
				TARGETED_DEVICE_FAMILY = "1,2";
			};
			name = Debug;
		};
		AC3C4A801A11F47200143C57 /* Release */ = {
			isa = XCBuildConfiguration;
			buildSettings = {
				ALWAYS_SEARCH_USER_PATHS = NO;
				CLANG_CXX_LANGUAGE_STANDARD = "gnu++0x";
				CLANG_CXX_LIBRARY = "libc++";
				CLANG_ENABLE_MODULES = YES;
				CLANG_ENABLE_OBJC_ARC = YES;
				CLANG_WARN_BOOL_CONVERSION = YES;
				CLANG_WARN_CONSTANT_CONVERSION = YES;
				CLANG_WARN_DIRECT_OBJC_ISA_USAGE = YES_ERROR;
				CLANG_WARN_EMPTY_BODY = YES;
				CLANG_WARN_ENUM_CONVERSION = YES;
				CLANG_WARN_INT_CONVERSION = YES;
				CLANG_WARN_OBJC_ROOT_CLASS = YES_ERROR;
				CLANG_WARN_UNREACHABLE_CODE = YES;
				CLANG_WARN__DUPLICATE_METHOD_MATCH = YES;
				"CODE_SIGN_IDENTITY[sdk=iphoneos*]" = "iPhone Developer";
				COPY_PHASE_STRIP = YES;
				ENABLE_NS_ASSERTIONS = NO;
				ENABLE_STRICT_OBJC_MSGSEND = YES;
				GCC_C_LANGUAGE_STANDARD = gnu99;
				GCC_WARN_64_TO_32_BIT_CONVERSION = YES;
				GCC_WARN_ABOUT_RETURN_TYPE = YES_ERROR;
				GCC_WARN_UNDECLARED_SELECTOR = YES;
				GCC_WARN_UNINITIALIZED_AUTOS = YES_AGGRESSIVE;
				GCC_WARN_UNUSED_FUNCTION = YES;
				GCC_WARN_UNUSED_VARIABLE = YES;
				IPHONEOS_DEPLOYMENT_TARGET = 8.1;
				MTL_ENABLE_DEBUG_INFO = NO;
				SDKROOT = iphoneos;
				TARGETED_DEVICE_FAMILY = "1,2";
				VALIDATE_PRODUCT = YES;
			};
			name = Release;
		};
		AC3C4A821A11F47200143C57 /* Debug */ = {
			isa = XCBuildConfiguration;
			baseConfigurationReference = 2DBAEE96397BB913350C4530 /* Pods.debug.xcconfig */;
			buildSettings = {
				ASSETCATALOG_COMPILER_LAUNCHIMAGE_NAME = LaunchImage;
				INFOPLIST_FILE = Sample/Info.plist;
				IPHONEOS_DEPLOYMENT_TARGET = 8.1;
				LD_RUNPATH_SEARCH_PATHS = "$(inherited) @executable_path/Frameworks";
				PRODUCT_NAME = "$(TARGET_NAME)";
				TARGETED_DEVICE_FAMILY = "1,2";
			};
			name = Debug;
		};
		AC3C4A831A11F47200143C57 /* Release */ = {
			isa = XCBuildConfiguration;
			baseConfigurationReference = CD1ABB23007FEDB31D8C1978 /* Pods.release.xcconfig */;
			buildSettings = {
				ASSETCATALOG_COMPILER_LAUNCHIMAGE_NAME = LaunchImage;
				INFOPLIST_FILE = Sample/Info.plist;
				IPHONEOS_DEPLOYMENT_TARGET = 8.1;
				LD_RUNPATH_SEARCH_PATHS = "$(inherited) @executable_path/Frameworks";
				PRODUCT_NAME = "$(TARGET_NAME)";
				TARGETED_DEVICE_FAMILY = "1,2";
			};
			name = Release;
		};
/* End XCBuildConfiguration section */

/* Begin XCConfigurationList section */
		AC3C4A591A11F47200143C57 /* Build configuration list for PBXProject "Sample" */ = {
			isa = XCConfigurationList;
			buildConfigurations = (
				AC3C4A7F1A11F47200143C57 /* Debug */,
				AC3C4A801A11F47200143C57 /* Release */,
			);
			defaultConfigurationIsVisible = 0;
			defaultConfigurationName = Release;
		};
		AC3C4A811A11F47200143C57 /* Build configuration list for PBXNativeTarget "Sample" */ = {
			isa = XCConfigurationList;
			buildConfigurations = (
				AC3C4A821A11F47200143C57 /* Debug */,
				AC3C4A831A11F47200143C57 /* Release */,
			);
			defaultConfigurationIsVisible = 0;
			defaultConfigurationName = Release;
		};
/* End XCConfigurationList section */
	};
	rootObject = AC3C4A561A11F47200143C57 /* Project object */;
}
