// !$*UTF8*$!
{
	archiveVersion = 1;
	classes = {
	};
	objectVersion = 46;
	objects = {

/* Begin PBXBuildFile section */
		5CF3EF5E344946731D4F13F2 /* libPods-Sample.a in Frameworks */ = {isa = PBXBuildFile; fileRef = 465082D55CCF1B0CB1AEBACC /* libPods-Sample.a */; };
		5E5E62841D13F39400D81E38 /* MapHandlerNode.m in Sources */ = {isa = PBXBuildFile; fileRef = 5E5E62831D13F39400D81E38 /* MapHandlerNode.m */; };
		694993D21C8B334F00491CA5 /* main.m in Sources */ = {isa = PBXBuildFile; fileRef = 694993D11C8B334F00491CA5 /* main.m */; };
		694993D51C8B334F00491CA5 /* AppDelegate.m in Sources */ = {isa = PBXBuildFile; fileRef = 694993D41C8B334F00491CA5 /* AppDelegate.m */; };
		694993D81C8B334F00491CA5 /* ViewController.m in Sources */ = {isa = PBXBuildFile; fileRef = 694993D71C8B334F00491CA5 /* ViewController.m */; };
		694993DD1C8B334F00491CA5 /* Assets.xcassets in Resources */ = {isa = PBXBuildFile; fileRef = 694993DC1C8B334F00491CA5 /* Assets.xcassets */; };
		694993E01C8B334F00491CA5 /* LaunchScreen.storyboard in Resources */ = {isa = PBXBuildFile; fileRef = 694993DE1C8B334F00491CA5 /* LaunchScreen.storyboard */; };
		905C815E1D362E9400EA2625 /* CustomMapAnnotation.m in Sources */ = {isa = PBXBuildFile; fileRef = 905C815D1D362E9400EA2625 /* CustomMapAnnotation.m */; };
/* End PBXBuildFile section */

/* Begin PBXFileReference section */
		15AD337503831C4D33FF8B3A /* Pods-Sample.debug.xcconfig */ = {isa = PBXFileReference; includeInIndex = 1; lastKnownFileType = text.xcconfig; name = "Pods-Sample.debug.xcconfig"; path = "Pods/Target Support Files/Pods-Sample/Pods-Sample.debug.xcconfig"; sourceTree = "<group>"; };
		465082D55CCF1B0CB1AEBACC /* libPods-Sample.a */ = {isa = PBXFileReference; explicitFileType = archive.ar; includeInIndex = 0; path = "libPods-Sample.a"; sourceTree = BUILT_PRODUCTS_DIR; };
		5E5E62821D13F39400D81E38 /* MapHandlerNode.h */ = {isa = PBXFileReference; fileEncoding = 4; lastKnownFileType = sourcecode.c.h; path = MapHandlerNode.h; sourceTree = "<group>"; };
		5E5E62831D13F39400D81E38 /* MapHandlerNode.m */ = {isa = PBXFileReference; fileEncoding = 4; indentWidth = 2; lastKnownFileType = sourcecode.c.objc; path = MapHandlerNode.m; sourceTree = "<group>"; tabWidth = 2; };
		694993CD1C8B334F00491CA5 /* Sample.app */ = {isa = PBXFileReference; explicitFileType = wrapper.application; includeInIndex = 0; path = Sample.app; sourceTree = BUILT_PRODUCTS_DIR; };
		694993D11C8B334F00491CA5 /* main.m */ = {isa = PBXFileReference; lastKnownFileType = sourcecode.c.objc; path = main.m; sourceTree = "<group>"; };
		694993D31C8B334F00491CA5 /* AppDelegate.h */ = {isa = PBXFileReference; lastKnownFileType = sourcecode.c.h; path = AppDelegate.h; sourceTree = "<group>"; };
		694993D41C8B334F00491CA5 /* AppDelegate.m */ = {isa = PBXFileReference; lastKnownFileType = sourcecode.c.objc; path = AppDelegate.m; sourceTree = "<group>"; };
		694993D61C8B334F00491CA5 /* ViewController.h */ = {isa = PBXFileReference; lastKnownFileType = sourcecode.c.h; path = ViewController.h; sourceTree = "<group>"; };
		694993D71C8B334F00491CA5 /* ViewController.m */ = {isa = PBXFileReference; lastKnownFileType = sourcecode.c.objc; path = ViewController.m; sourceTree = "<group>"; };
		694993DC1C8B334F00491CA5 /* Assets.xcassets */ = {isa = PBXFileReference; lastKnownFileType = folder.assetcatalog; path = Assets.xcassets; sourceTree = "<group>"; };
		694993DF1C8B334F00491CA5 /* Base */ = {isa = PBXFileReference; lastKnownFileType = file.storyboard; name = Base; path = Base.lproj/LaunchScreen.storyboard; sourceTree = "<group>"; };
		694993E11C8B334F00491CA5 /* Info.plist */ = {isa = PBXFileReference; lastKnownFileType = text.plist.xml; path = Info.plist; sourceTree = "<group>"; };
		905C815C1D362E9400EA2625 /* CustomMapAnnotation.h */ = {isa = PBXFileReference; fileEncoding = 4; lastKnownFileType = sourcecode.c.h; path = CustomMapAnnotation.h; sourceTree = "<group>"; };
		905C815D1D362E9400EA2625 /* CustomMapAnnotation.m */ = {isa = PBXFileReference; fileEncoding = 4; lastKnownFileType = sourcecode.c.objc; path = CustomMapAnnotation.m; sourceTree = "<group>"; };
		97482F27BE2F7583EFE1BC2C /* Pods-Sample.release.xcconfig */ = {isa = PBXFileReference; includeInIndex = 1; lastKnownFileType = text.xcconfig; name = "Pods-Sample.release.xcconfig"; path = "Pods/Target Support Files/Pods-Sample/Pods-Sample.release.xcconfig"; sourceTree = "<group>"; };
/* End PBXFileReference section */

/* Begin PBXFrameworksBuildPhase section */
		694993CA1C8B334F00491CA5 /* Frameworks */ = {
			isa = PBXFrameworksBuildPhase;
			buildActionMask = 2147483647;
			files = (
				5CF3EF5E344946731D4F13F2 /* libPods-Sample.a in Frameworks */,
			);
			runOnlyForDeploymentPostprocessing = 0;
		};
/* End PBXFrameworksBuildPhase section */

/* Begin PBXGroup section */
		0DFDB4376BA084DAC7C1976E /* Pods */ = {
			isa = PBXGroup;
			children = (
				15AD337503831C4D33FF8B3A /* Pods-Sample.debug.xcconfig */,
				97482F27BE2F7583EFE1BC2C /* Pods-Sample.release.xcconfig */,
			);
			name = Pods;
			sourceTree = "<group>";
		};
		478C8D7C412DCBDFE14640D8 /* Frameworks */ = {
			isa = PBXGroup;
			children = (
				465082D55CCF1B0CB1AEBACC /* libPods-Sample.a */,
			);
			name = Frameworks;
			sourceTree = "<group>";
		};
		694993C41C8B334F00491CA5 = {
			isa = PBXGroup;
			children = (
				694993CF1C8B334F00491CA5 /* Sample */,
				694993CE1C8B334F00491CA5 /* Products */,
				0DFDB4376BA084DAC7C1976E /* Pods */,
				478C8D7C412DCBDFE14640D8 /* Frameworks */,
			);
			sourceTree = "<group>";
		};
		694993CE1C8B334F00491CA5 /* Products */ = {
			isa = PBXGroup;
			children = (
				694993CD1C8B334F00491CA5 /* Sample.app */,
			);
			name = Products;
			sourceTree = "<group>";
		};
		694993CF1C8B334F00491CA5 /* Sample */ = {
			isa = PBXGroup;
			children = (
				694993D31C8B334F00491CA5 /* AppDelegate.h */,
				694993D41C8B334F00491CA5 /* AppDelegate.m */,
				694993D61C8B334F00491CA5 /* ViewController.h */,
				694993D71C8B334F00491CA5 /* ViewController.m */,
				5E5E62821D13F39400D81E38 /* MapHandlerNode.h */,
				5E5E62831D13F39400D81E38 /* MapHandlerNode.m */,
				905C815C1D362E9400EA2625 /* CustomMapAnnotation.h */,
				905C815D1D362E9400EA2625 /* CustomMapAnnotation.m */,
				694993DC1C8B334F00491CA5 /* Assets.xcassets */,
				694993D01C8B334F00491CA5 /* Supporting Files */,
			);
			path = Sample;
			sourceTree = "<group>";
		};
		694993D01C8B334F00491CA5 /* Supporting Files */ = {
			isa = PBXGroup;
			children = (
				694993E11C8B334F00491CA5 /* Info.plist */,
				694993DE1C8B334F00491CA5 /* LaunchScreen.storyboard */,
				694993D11C8B334F00491CA5 /* main.m */,
			);
			name = "Supporting Files";
			sourceTree = "<group>";
		};
/* End PBXGroup section */

/* Begin PBXNativeTarget section */
		694993CC1C8B334F00491CA5 /* Sample */ = {
			isa = PBXNativeTarget;
			buildConfigurationList = 694993E41C8B334F00491CA5 /* Build configuration list for PBXNativeTarget "Sample" */;
			buildPhases = (
				80035273449C25F4B2E1454F /* [CP] Check Pods Manifest.lock */,
				694993C91C8B334F00491CA5 /* Sources */,
				694993CA1C8B334F00491CA5 /* Frameworks */,
				694993CB1C8B334F00491CA5 /* Resources */,
				06EE2E0ABEB6289D4775A867 /* [CP] Copy Pods Resources */,
				23FC03B282CBD9014D868DF6 /* [CP] Embed Pods Frameworks */,
			);
			buildRules = (
			);
			dependencies = (
			);
			name = Sample;
			productName = Sample;
			productReference = 694993CD1C8B334F00491CA5 /* Sample.app */;
			productType = "com.apple.product-type.application";
		};
/* End PBXNativeTarget section */

/* Begin PBXProject section */
		694993C51C8B334F00491CA5 /* Project object */ = {
			isa = PBXProject;
			attributes = {
				LastUpgradeCheck = 0720;
				ORGANIZATIONNAME = AsyncDisplayKit;
				TargetAttributes = {
					694993CC1C8B334F00491CA5 = {
						CreatedOnToolsVersion = 7.2.1;
					};
				};
			};
			buildConfigurationList = 694993C81C8B334F00491CA5 /* Build configuration list for PBXProject "Sample" */;
			compatibilityVersion = "Xcode 3.2";
			developmentRegion = English;
			hasScannedForEncodings = 0;
			knownRegions = (
				en,
				Base,
			);
			mainGroup = 694993C41C8B334F00491CA5;
			productRefGroup = 694993CE1C8B334F00491CA5 /* Products */;
			projectDirPath = "";
			projectRoot = "";
			targets = (
				694993CC1C8B334F00491CA5 /* Sample */,
			);
		};
/* End PBXProject section */

/* Begin PBXResourcesBuildPhase section */
		694993CB1C8B334F00491CA5 /* Resources */ = {
			isa = PBXResourcesBuildPhase;
			buildActionMask = 2147483647;
			files = (
				694993E01C8B334F00491CA5 /* LaunchScreen.storyboard in Resources */,
				694993DD1C8B334F00491CA5 /* Assets.xcassets in Resources */,
			);
			runOnlyForDeploymentPostprocessing = 0;
		};
/* End PBXResourcesBuildPhase section */

/* Begin PBXShellScriptBuildPhase section */
		06EE2E0ABEB6289D4775A867 /* [CP] Copy Pods Resources */ = {
			isa = PBXShellScriptBuildPhase;
			buildActionMask = 2147483647;
			files = (
			);
			inputPaths = (
			);
			name = "[CP] Copy Pods Resources";
			outputPaths = (
			);
			runOnlyForDeploymentPostprocessing = 0;
			shellPath = /bin/sh;
			shellScript = "\"${SRCROOT}/Pods/Target Support Files/Pods-Sample/Pods-Sample-resources.sh\"\n";
			showEnvVarsInLog = 0;
		};
		23FC03B282CBD9014D868DF6 /* [CP] Embed Pods Frameworks */ = {
			isa = PBXShellScriptBuildPhase;
			buildActionMask = 2147483647;
			files = (
			);
			inputPaths = (
			);
			name = "[CP] Embed Pods Frameworks";
			outputPaths = (
			);
			runOnlyForDeploymentPostprocessing = 0;
			shellPath = /bin/sh;
			shellScript = "\"${SRCROOT}/Pods/Target Support Files/Pods-Sample/Pods-Sample-frameworks.sh\"\n";
			showEnvVarsInLog = 0;
		};
		80035273449C25F4B2E1454F /* [CP] Check Pods Manifest.lock */ = {
			isa = PBXShellScriptBuildPhase;
			buildActionMask = 2147483647;
			files = (
			);
			inputPaths = (
			);
			name = "[CP] Check Pods Manifest.lock";
			outputPaths = (
			);
			runOnlyForDeploymentPostprocessing = 0;
			shellPath = /bin/sh;
			shellScript = "diff \"${PODS_ROOT}/../Podfile.lock\" \"${PODS_ROOT}/Manifest.lock\" > /dev/null\nif [ $? != 0 ] ; then\n    # print error to STDERR\n    echo \"error: The sandbox is not in sync with the Podfile.lock. Run 'pod install' or update your CocoaPods installation.\" >&2\n    exit 1\nfi\n";
			showEnvVarsInLog = 0;
		};
/* End PBXShellScriptBuildPhase section */

/* Begin PBXSourcesBuildPhase section */
		694993C91C8B334F00491CA5 /* Sources */ = {
			isa = PBXSourcesBuildPhase;
			buildActionMask = 2147483647;
			files = (
				5E5E62841D13F39400D81E38 /* MapHandlerNode.m in Sources */,
				694993D81C8B334F00491CA5 /* ViewController.m in Sources */,
				694993D51C8B334F00491CA5 /* AppDelegate.m in Sources */,
				694993D21C8B334F00491CA5 /* main.m in Sources */,
				905C815E1D362E9400EA2625 /* CustomMapAnnotation.m in Sources */,
			);
			runOnlyForDeploymentPostprocessing = 0;
		};
/* End PBXSourcesBuildPhase section */

/* Begin PBXVariantGroup section */
		694993DE1C8B334F00491CA5 /* LaunchScreen.storyboard */ = {
			isa = PBXVariantGroup;
			children = (
				694993DF1C8B334F00491CA5 /* Base */,
			);
			name = LaunchScreen.storyboard;
			sourceTree = "<group>";
		};
/* End PBXVariantGroup section */

/* Begin XCBuildConfiguration section */
		694993E21C8B334F00491CA5 /* Debug */ = {
			isa = XCBuildConfiguration;
			buildSettings = {
				ALWAYS_SEARCH_USER_PATHS = NO;
				CLANG_CXX_LANGUAGE_STANDARD = "gnu++0x";
				CLANG_CXX_LIBRARY = "libc++";
				CLANG_ENABLE_MODULES = YES;
				CLANG_ENABLE_OBJC_ARC = YES;
				CLANG_WARN_BOOL_CONVERSION = YES;
				CLANG_WARN_CONSTANT_CONVERSION = YES;
				CLANG_WARN_DIRECT_OBJC_ISA_USAGE = YES_ERROR;
				CLANG_WARN_EMPTY_BODY = YES;
				CLANG_WARN_ENUM_CONVERSION = YES;
				CLANG_WARN_INT_CONVERSION = YES;
				CLANG_WARN_OBJC_ROOT_CLASS = YES_ERROR;
				CLANG_WARN_UNREACHABLE_CODE = YES;
				CLANG_WARN__DUPLICATE_METHOD_MATCH = YES;
				"CODE_SIGN_IDENTITY[sdk=iphoneos*]" = "iPhone Developer";
				COPY_PHASE_STRIP = NO;
				DEBUG_INFORMATION_FORMAT = dwarf;
				ENABLE_STRICT_OBJC_MSGSEND = YES;
				ENABLE_TESTABILITY = YES;
				GCC_C_LANGUAGE_STANDARD = gnu99;
				GCC_DYNAMIC_NO_PIC = NO;
				GCC_NO_COMMON_BLOCKS = YES;
				GCC_OPTIMIZATION_LEVEL = 0;
				GCC_PREPROCESSOR_DEFINITIONS = (
					"DEBUG=1",
					"$(inherited)",
				);
				GCC_WARN_64_TO_32_BIT_CONVERSION = YES;
				GCC_WARN_ABOUT_RETURN_TYPE = YES_ERROR;
				GCC_WARN_UNDECLARED_SELECTOR = YES;
				GCC_WARN_UNINITIALIZED_AUTOS = YES_AGGRESSIVE;
				GCC_WARN_UNUSED_FUNCTION = YES;
				GCC_WARN_UNUSED_VARIABLE = YES;
				IPHONEOS_DEPLOYMENT_TARGET = 8.0;
				MTL_ENABLE_DEBUG_INFO = YES;
				ONLY_ACTIVE_ARCH = YES;
				SDKROOT = iphoneos;
			};
			name = Debug;
		};
		694993E31C8B334F00491CA5 /* Release */ = {
			isa = XCBuildConfiguration;
			buildSettings = {
				ALWAYS_SEARCH_USER_PATHS = NO;
				CLANG_CXX_LANGUAGE_STANDARD = "gnu++0x";
				CLANG_CXX_LIBRARY = "libc++";
				CLANG_ENABLE_MODULES = YES;
				CLANG_ENABLE_OBJC_ARC = YES;
				CLANG_WARN_BOOL_CONVERSION = YES;
				CLANG_WARN_CONSTANT_CONVERSION = YES;
				CLANG_WARN_DIRECT_OBJC_ISA_USAGE = YES_ERROR;
				CLANG_WARN_EMPTY_BODY = YES;
				CLANG_WARN_ENUM_CONVERSION = YES;
				CLANG_WARN_INT_CONVERSION = YES;
				CLANG_WARN_OBJC_ROOT_CLASS = YES_ERROR;
				CLANG_WARN_UNREACHABLE_CODE = YES;
				CLANG_WARN__DUPLICATE_METHOD_MATCH = YES;
				"CODE_SIGN_IDENTITY[sdk=iphoneos*]" = "iPhone Developer";
				COPY_PHASE_STRIP = NO;
				DEBUG_INFORMATION_FORMAT = "dwarf-with-dsym";
				ENABLE_NS_ASSERTIONS = NO;
				ENABLE_STRICT_OBJC_MSGSEND = YES;
				GCC_C_LANGUAGE_STANDARD = gnu99;
				GCC_NO_COMMON_BLOCKS = YES;
				GCC_WARN_64_TO_32_BIT_CONVERSION = YES;
				GCC_WARN_ABOUT_RETURN_TYPE = YES_ERROR;
				GCC_WARN_UNDECLARED_SELECTOR = YES;
				GCC_WARN_UNINITIALIZED_AUTOS = YES_AGGRESSIVE;
				GCC_WARN_UNUSED_FUNCTION = YES;
				GCC_WARN_UNUSED_VARIABLE = YES;
				IPHONEOS_DEPLOYMENT_TARGET = 8.0;
				MTL_ENABLE_DEBUG_INFO = NO;
				SDKROOT = iphoneos;
				VALIDATE_PRODUCT = YES;
			};
			name = Release;
		};
		694993E51C8B334F00491CA5 /* Debug */ = {
			isa = XCBuildConfiguration;
			baseConfigurationReference = 15AD337503831C4D33FF8B3A /* Pods-Sample.debug.xcconfig */;
			buildSettings = {
				ASSETCATALOG_COMPILER_APPICON_NAME = AppIcon;
				CLANG_WARN_DEPRECATED_OBJC_IMPLEMENTATIONS = YES;
				INFOPLIST_FILE = Sample/Info.plist;
				LD_RUNPATH_SEARCH_PATHS = "$(inherited) @executable_path/Frameworks";
				PRODUCT_BUNDLE_IDENTIFIER = org.AsyncDisplayKit.Sample;
				PRODUCT_NAME = "$(TARGET_NAME)";
			};
			name = Debug;
		};
		694993E61C8B334F00491CA5 /* Release */ = {
			isa = XCBuildConfiguration;
			baseConfigurationReference = 97482F27BE2F7583EFE1BC2C /* Pods-Sample.release.xcconfig */;
			buildSettings = {
				ASSETCATALOG_COMPILER_APPICON_NAME = AppIcon;
				CLANG_WARN_DEPRECATED_OBJC_IMPLEMENTATIONS = YES;
				INFOPLIST_FILE = Sample/Info.plist;
				LD_RUNPATH_SEARCH_PATHS = "$(inherited) @executable_path/Frameworks";
				PRODUCT_BUNDLE_IDENTIFIER = org.AsyncDisplayKit.Sample;
				PRODUCT_NAME = "$(TARGET_NAME)";
			};
			name = Release;
		};
/* End XCBuildConfiguration section */

/* Begin XCConfigurationList section */
		694993C81C8B334F00491CA5 /* Build configuration list for PBXProject "Sample" */ = {
			isa = XCConfigurationList;
			buildConfigurations = (
				694993E21C8B334F00491CA5 /* Debug */,
				694993E31C8B334F00491CA5 /* Release */,
			);
			defaultConfigurationIsVisible = 0;
			defaultConfigurationName = Release;
		};
		694993E41C8B334F00491CA5 /* Build configuration list for PBXNativeTarget "Sample" */ = {
			isa = XCConfigurationList;
			buildConfigurations = (
				694993E51C8B334F00491CA5 /* Debug */,
				694993E61C8B334F00491CA5 /* Release */,
			);
			defaultConfigurationIsVisible = 0;
			defaultConfigurationName = Release;
		};
/* End XCConfigurationList section */
	};
	rootObject = 694993C51C8B334F00491CA5 /* Project object */;
}
