// !$*UTF8*$!
{
	archiveVersion = 1;
	classes = {
	};
	objectVersion = 46;
	objects = {

/* Begin PBXBuildFile section */
		25FDEC921BF31EE700CEB123 /* ItemNode.m in Sources */ = {isa = PBXBuildFile; fileRef = 25FDEC911BF31EE700CEB123 /* ItemNode.m */; };
		9B92C8811BC17D3000EE46B2 /* SupplementaryNode.m in Sources */ = {isa = PBXBuildFile; fileRef = 9B92C8801BC17D3000EE46B2 /* SupplementaryNode.m */; };
		9BA2CEA11BB2579C00D18414 /* Launchboard.storyboard in Resources */ = {isa = PBXBuildFile; fileRef = 9BA2CEA01BB2579C00D18414 /* Launchboard.storyboard */; };
		AC3C4A641A11F47200143C57 /* main.m in Sources */ = {isa = PBXBuildFile; fileRef = AC3C4A631A11F47200143C57 /* main.m */; };
		AC3C4A671A11F47200143C57 /* AppDelegate.m in Sources */ = {isa = PBXBuildFile; fileRef = AC3C4A661A11F47200143C57 /* AppDelegate.m */; };
		AC3C4A6A1A11F47200143C57 /* ViewController.m in Sources */ = {isa = PBXBuildFile; fileRef = AC3C4A691A11F47200143C57 /* ViewController.m */; };
		AC3C4A8E1A11F80C00143C57 /* Images.xcassets in Resources */ = {isa = PBXBuildFile; fileRef = AC3C4A8D1A11F80C00143C57 /* Images.xcassets */; };
		AF3289A5220868C808CB570A /* libPods-Sample.a in Frameworks */ = {isa = PBXBuildFile; fileRef = C8A73B07F48A6BF6CCC23B59 /* libPods-Sample.a */; };
		FC3FCA801C2B1564009F6D6D /* PresentingViewController.m in Sources */ = {isa = PBXBuildFile; fileRef = FC3FCA7F1C2B1564009F6D6D /* PresentingViewController.m */; };
/* End PBXBuildFile section */

/* Begin PBXFileReference section */
		25FDEC901BF31EE700CEB123 /* ItemNode.h */ = {isa = PBXFileReference; fileEncoding = 4; lastKnownFileType = sourcecode.c.h; path = ItemNode.h; sourceTree = "<group>"; };
		25FDEC911BF31EE700CEB123 /* ItemNode.m */ = {isa = PBXFileReference; fileEncoding = 4; lastKnownFileType = sourcecode.c.objc; path = ItemNode.m; sourceTree = "<group>"; };
		3AE14FE81840274F92ABA227 /* Pods-Sample.debug.xcconfig */ = {isa = PBXFileReference; includeInIndex = 1; lastKnownFileType = text.xcconfig; name = "Pods-Sample.debug.xcconfig"; path = "Pods/Target Support Files/Pods-Sample/Pods-Sample.debug.xcconfig"; sourceTree = "<group>"; };
		4BB21270A5CD115520C634A3 /* Pods-Sample.release.xcconfig */ = {isa = PBXFileReference; includeInIndex = 1; lastKnownFileType = text.xcconfig; name = "Pods-Sample.release.xcconfig"; path = "Pods/Target Support Files/Pods-Sample/Pods-Sample.release.xcconfig"; sourceTree = "<group>"; };
		9B92C87F1BC17D3000EE46B2 /* SupplementaryNode.h */ = {isa = PBXFileReference; fileEncoding = 4; lastKnownFileType = sourcecode.c.h; path = SupplementaryNode.h; sourceTree = "<group>"; };
		9B92C8801BC17D3000EE46B2 /* SupplementaryNode.m */ = {isa = PBXFileReference; fileEncoding = 4; lastKnownFileType = sourcecode.c.objc; path = SupplementaryNode.m; sourceTree = "<group>"; };
		9BA2CEA01BB2579C00D18414 /* Launchboard.storyboard */ = {isa = PBXFileReference; fileEncoding = 4; lastKnownFileType = file.storyboard; path = Launchboard.storyboard; sourceTree = "<group>"; };
		AC3C4A5E1A11F47200143C57 /* Sample.app */ = {isa = PBXFileReference; explicitFileType = wrapper.application; includeInIndex = 0; path = Sample.app; sourceTree = BUILT_PRODUCTS_DIR; };
		AC3C4A621A11F47200143C57 /* Info.plist */ = {isa = PBXFileReference; lastKnownFileType = text.plist.xml; path = Info.plist; sourceTree = "<group>"; };
		AC3C4A631A11F47200143C57 /* main.m */ = {isa = PBXFileReference; lastKnownFileType = sourcecode.c.objc; path = main.m; sourceTree = "<group>"; };
		AC3C4A651A11F47200143C57 /* AppDelegate.h */ = {isa = PBXFileReference; lastKnownFileType = sourcecode.c.h; path = AppDelegate.h; sourceTree = "<group>"; };
		AC3C4A661A11F47200143C57 /* AppDelegate.m */ = {isa = PBXFileReference; lastKnownFileType = sourcecode.c.objc; path = AppDelegate.m; sourceTree = "<group>"; };
		AC3C4A681A11F47200143C57 /* ViewController.h */ = {isa = PBXFileReference; lastKnownFileType = sourcecode.c.h; path = ViewController.h; sourceTree = "<group>"; };
		AC3C4A691A11F47200143C57 /* ViewController.m */ = {isa = PBXFileReference; lastKnownFileType = sourcecode.c.objc; path = ViewController.m; sourceTree = "<group>"; };
		AC3C4A8D1A11F80C00143C57 /* Images.xcassets */ = {isa = PBXFileReference; lastKnownFileType = folder.assetcatalog; path = Images.xcassets; sourceTree = "<group>"; };
		C8A73B07F48A6BF6CCC23B59 /* libPods-Sample.a */ = {isa = PBXFileReference; explicitFileType = archive.ar; includeInIndex = 0; path = "libPods-Sample.a"; sourceTree = BUILT_PRODUCTS_DIR; };
		F02BAF78E68BC56FD8C161B7 /* libPods.a */ = {isa = PBXFileReference; explicitFileType = archive.ar; includeInIndex = 0; path = libPods.a; sourceTree = BUILT_PRODUCTS_DIR; };
		FC3FCA7E1C2B1564009F6D6D /* PresentingViewController.h */ = {isa = PBXFileReference; fileEncoding = 4; lastKnownFileType = sourcecode.c.h; path = PresentingViewController.h; sourceTree = "<group>"; };
		FC3FCA7F1C2B1564009F6D6D /* PresentingViewController.m */ = {isa = PBXFileReference; fileEncoding = 4; lastKnownFileType = sourcecode.c.objc; path = PresentingViewController.m; sourceTree = "<group>"; };
/* End PBXFileReference section */

/* Begin PBXFrameworksBuildPhase section */
		AC3C4A5B1A11F47200143C57 /* Frameworks */ = {
			isa = PBXFrameworksBuildPhase;
			buildActionMask = 2147483647;
			files = (
				AF3289A5220868C808CB570A /* libPods-Sample.a in Frameworks */,
			);
			runOnlyForDeploymentPostprocessing = 0;
		};
/* End PBXFrameworksBuildPhase section */

/* Begin PBXGroup section */
		90A2B9C5397C46134C8A793B /* Pods */ = {
			isa = PBXGroup;
			children = (
				3AE14FE81840274F92ABA227 /* Pods-Sample.debug.xcconfig */,
				4BB21270A5CD115520C634A3 /* Pods-Sample.release.xcconfig */,
			);
			name = Pods;
			sourceTree = "<group>";
		};
		AC3C4A551A11F47200143C57 = {
			isa = PBXGroup;
			children = (
				AC3C4A601A11F47200143C57 /* Sample */,
				AC3C4A5F1A11F47200143C57 /* Products */,
				90A2B9C5397C46134C8A793B /* Pods */,
				D6E38FF0CB18E3F55CF06437 /* Frameworks */,
			);
			sourceTree = "<group>";
		};
		AC3C4A5F1A11F47200143C57 /* Products */ = {
			isa = PBXGroup;
			children = (
				AC3C4A5E1A11F47200143C57 /* Sample.app */,
			);
			name = Products;
			sourceTree = "<group>";
		};
		AC3C4A601A11F47200143C57 /* Sample */ = {
			isa = PBXGroup;
			children = (
				AC3C4A651A11F47200143C57 /* AppDelegate.h */,
				AC3C4A661A11F47200143C57 /* AppDelegate.m */,
				AC3C4A681A11F47200143C57 /* ViewController.h */,
				AC3C4A691A11F47200143C57 /* ViewController.m */,
				FC3FCA7E1C2B1564009F6D6D /* PresentingViewController.h */,
				FC3FCA7F1C2B1564009F6D6D /* PresentingViewController.m */,
				AC3C4A8D1A11F80C00143C57 /* Images.xcassets */,
				AC3C4A611A11F47200143C57 /* Supporting Files */,
				9B92C87F1BC17D3000EE46B2 /* SupplementaryNode.h */,
				9B92C8801BC17D3000EE46B2 /* SupplementaryNode.m */,
				25FDEC901BF31EE700CEB123 /* ItemNode.h */,
				25FDEC911BF31EE700CEB123 /* ItemNode.m */,
			);
			indentWidth = 2;
			path = Sample;
			sourceTree = "<group>";
			tabWidth = 2;
			usesTabs = 0;
		};
		AC3C4A611A11F47200143C57 /* Supporting Files */ = {
			isa = PBXGroup;
			children = (
				AC3C4A621A11F47200143C57 /* Info.plist */,
				AC3C4A631A11F47200143C57 /* main.m */,
				9BA2CEA01BB2579C00D18414 /* Launchboard.storyboard */,
			);
			name = "Supporting Files";
			sourceTree = "<group>";
		};
		D6E38FF0CB18E3F55CF06437 /* Frameworks */ = {
			isa = PBXGroup;
			children = (
				F02BAF78E68BC56FD8C161B7 /* libPods.a */,
				C8A73B07F48A6BF6CCC23B59 /* libPods-Sample.a */,
			);
			name = Frameworks;
			sourceTree = "<group>";
		};
/* End PBXGroup section */

/* Begin PBXNativeTarget section */
		AC3C4A5D1A11F47200143C57 /* Sample */ = {
			isa = PBXNativeTarget;
			buildConfigurationList = AC3C4A811A11F47200143C57 /* Build configuration list for PBXNativeTarget "Sample" */;
			buildPhases = (
				F868CFBB21824CC9521B6588 /* 📦 Check Pods Manifest.lock */,
				AC3C4A5A1A11F47200143C57 /* Sources */,
				AC3C4A5B1A11F47200143C57 /* Frameworks */,
				AC3C4A5C1A11F47200143C57 /* Resources */,
				A6902C454C7661D0D277AC62 /* 📦 Copy Pods Resources */,
				79E97C651F7D1ECDBE6B4793 /* 📦 Embed Pods Frameworks */,
				8C4782EECEE7F1205007D6DB /* Embed Pods Frameworks */,
			);
			buildRules = (
			);
			dependencies = (
			);
			name = Sample;
			productName = Sample;
			productReference = AC3C4A5E1A11F47200143C57 /* Sample.app */;
			productType = "com.apple.product-type.application";
		};
/* End PBXNativeTarget section */

/* Begin PBXProject section */
		AC3C4A561A11F47200143C57 /* Project object */ = {
			isa = PBXProject;
			attributes = {
				LastUpgradeCheck = 0610;
				ORGANIZATIONNAME = Facebook;
				TargetAttributes = {
					AC3C4A5D1A11F47200143C57 = {
						CreatedOnToolsVersion = 6.1;
					};
				};
			};
			buildConfigurationList = AC3C4A591A11F47200143C57 /* Build configuration list for PBXProject "Sample" */;
			compatibilityVersion = "Xcode 3.2";
			developmentRegion = English;
			hasScannedForEncodings = 0;
			knownRegions = (
				en,
				Base,
			);
			mainGroup = AC3C4A551A11F47200143C57;
			productRefGroup = AC3C4A5F1A11F47200143C57 /* Products */;
			projectDirPath = "";
			projectRoot = "";
			targets = (
				AC3C4A5D1A11F47200143C57 /* Sample */,
			);
		};
/* End PBXProject section */

/* Begin PBXResourcesBuildPhase section */
		AC3C4A5C1A11F47200143C57 /* Resources */ = {
			isa = PBXResourcesBuildPhase;
			buildActionMask = 2147483647;
			files = (
				9BA2CEA11BB2579C00D18414 /* Launchboard.storyboard in Resources */,
				AC3C4A8E1A11F80C00143C57 /* Images.xcassets in Resources */,
			);
			runOnlyForDeploymentPostprocessing = 0;
		};
/* End PBXResourcesBuildPhase section */

/* Begin PBXShellScriptBuildPhase section */
		79E97C651F7D1ECDBE6B4793 /* 📦 Embed Pods Frameworks */ = {
			isa = PBXShellScriptBuildPhase;
			buildActionMask = 2147483647;
			files = (
			);
			inputPaths = (
			);
			name = "📦 Embed Pods Frameworks";
			outputPaths = (
			);
			runOnlyForDeploymentPostprocessing = 0;
			shellPath = /bin/sh;
			shellScript = "\"${SRCROOT}/Pods/Target Support Files/Pods-Sample/Pods-Sample-frameworks.sh\"\n";
			showEnvVarsInLog = 0;
		};
		8C4782EECEE7F1205007D6DB /* Embed Pods Frameworks */ = {
			isa = PBXShellScriptBuildPhase;
			buildActionMask = 2147483647;
			files = (
			);
			inputPaths = (
			);
			name = "Embed Pods Frameworks";
			outputPaths = (
			);
			runOnlyForDeploymentPostprocessing = 0;
			shellPath = /bin/sh;
			shellScript = "\"${SRCROOT}/Pods/Target Support Files/Pods-Sample/Pods-Sample-frameworks.sh\"\n";
			showEnvVarsInLog = 0;
		};
		A6902C454C7661D0D277AC62 /* 📦 Copy Pods Resources */ = {
			isa = PBXShellScriptBuildPhase;
			buildActionMask = 2147483647;
			files = (
			);
			inputPaths = (
			);
			name = "📦 Copy Pods Resources";
			outputPaths = (
			);
			runOnlyForDeploymentPostprocessing = 0;
			shellPath = /bin/sh;
			shellScript = "\"${SRCROOT}/Pods/Target Support Files/Pods-Sample/Pods-Sample-resources.sh\"\n";
			showEnvVarsInLog = 0;
		};
		F868CFBB21824CC9521B6588 /* 📦 Check Pods Manifest.lock */ = {
			isa = PBXShellScriptBuildPhase;
			buildActionMask = 2147483647;
			files = (
			);
			inputPaths = (
			);
			name = "📦 Check Pods Manifest.lock";
			outputPaths = (
			);
			runOnlyForDeploymentPostprocessing = 0;
			shellPath = /bin/sh;
			shellScript = "diff \"${PODS_ROOT}/../Podfile.lock\" \"${PODS_ROOT}/Manifest.lock\" > /dev/null\nif [[ $? != 0 ]] ; then\n    cat << EOM\nerror: The sandbox is not in sync with the Podfile.lock. Run 'pod install' or update your CocoaPods installation.\nEOM\n    exit 1\nfi\n";
			showEnvVarsInLog = 0;
		};
/* End PBXShellScriptBuildPhase section */

/* Begin PBXSourcesBuildPhase section */
		AC3C4A5A1A11F47200143C57 /* Sources */ = {
			isa = PBXSourcesBuildPhase;
			buildActionMask = 2147483647;
			files = (
				25FDEC921BF31EE700CEB123 /* ItemNode.m in Sources */,
				AC3C4A6A1A11F47200143C57 /* ViewController.m in Sources */,
				9B92C8811BC17D3000EE46B2 /* SupplementaryNode.m in Sources */,
				FC3FCA801C2B1564009F6D6D /* PresentingViewController.m in Sources */,
				AC3C4A671A11F47200143C57 /* AppDelegate.m in Sources */,
				AC3C4A641A11F47200143C57 /* main.m in Sources */,
			);
			runOnlyForDeploymentPostprocessing = 0;
		};
/* End PBXSourcesBuildPhase section */

/* Begin XCBuildConfiguration section */
		AC3C4A7F1A11F47200143C57 /* Debug */ = {
			isa = XCBuildConfiguration;
			buildSettings = {
				ALWAYS_SEARCH_USER_PATHS = NO;
				CLANG_CXX_LANGUAGE_STANDARD = "gnu++0x";
				CLANG_CXX_LIBRARY = "libc++";
				CLANG_ENABLE_MODULES = YES;
				CLANG_ENABLE_OBJC_ARC = YES;
				CLANG_WARN_BOOL_CONVERSION = YES;
				CLANG_WARN_CONSTANT_CONVERSION = YES;
				CLANG_WARN_DIRECT_OBJC_ISA_USAGE = YES_ERROR;
				CLANG_WARN_EMPTY_BODY = YES;
				CLANG_WARN_ENUM_CONVERSION = YES;
				CLANG_WARN_INT_CONVERSION = YES;
				CLANG_WARN_OBJC_ROOT_CLASS = YES_ERROR;
				CLANG_WARN_UNREACHABLE_CODE = YES;
				CLANG_WARN__DUPLICATE_METHOD_MATCH = YES;
				"CODE_SIGN_IDENTITY[sdk=iphoneos*]" = "iPhone Developer";
				COPY_PHASE_STRIP = NO;
				ENABLE_STRICT_OBJC_MSGSEND = YES;
				GCC_C_LANGUAGE_STANDARD = gnu99;
				GCC_DYNAMIC_NO_PIC = NO;
				GCC_OPTIMIZATION_LEVEL = 0;
				GCC_PREPROCESSOR_DEFINITIONS = (
					"DEBUG=1",
					"$(inherited)",
				);
				GCC_SYMBOLS_PRIVATE_EXTERN = NO;
				GCC_WARN_64_TO_32_BIT_CONVERSION = YES;
				GCC_WARN_ABOUT_RETURN_TYPE = YES_ERROR;
				GCC_WARN_UNDECLARED_SELECTOR = YES;
				GCC_WARN_UNINITIALIZED_AUTOS = YES_AGGRESSIVE;
				GCC_WARN_UNUSED_FUNCTION = YES;
				GCC_WARN_UNUSED_VARIABLE = YES;
				IPHONEOS_DEPLOYMENT_TARGET = 8.1;
				MTL_ENABLE_DEBUG_INFO = YES;
				ONLY_ACTIVE_ARCH = YES;
				SDKROOT = iphoneos;
				TARGETED_DEVICE_FAMILY = "1,2";
			};
			name = Debug;
		};
		AC3C4A801A11F47200143C57 /* Release */ = {
			isa = XCBuildConfiguration;
			buildSettings = {
				ALWAYS_SEARCH_USER_PATHS = NO;
				CLANG_CXX_LANGUAGE_STANDARD = "gnu++0x";
				CLANG_CXX_LIBRARY = "libc++";
				CLANG_ENABLE_MODULES = YES;
				CLANG_ENABLE_OBJC_ARC = YES;
				CLANG_WARN_BOOL_CONVERSION = YES;
				CLANG_WARN_CONSTANT_CONVERSION = YES;
				CLANG_WARN_DIRECT_OBJC_ISA_USAGE = YES_ERROR;
				CLANG_WARN_EMPTY_BODY = YES;
				CLANG_WARN_ENUM_CONVERSION = YES;
				CLANG_WARN_INT_CONVERSION = YES;
				CLANG_WARN_OBJC_ROOT_CLASS = YES_ERROR;
				CLANG_WARN_UNREACHABLE_CODE = YES;
				CLANG_WARN__DUPLICATE_METHOD_MATCH = YES;
				"CODE_SIGN_IDENTITY[sdk=iphoneos*]" = "iPhone Developer";
				COPY_PHASE_STRIP = YES;
				ENABLE_NS_ASSERTIONS = NO;
				ENABLE_STRICT_OBJC_MSGSEND = YES;
				GCC_C_LANGUAGE_STANDARD = gnu99;
				GCC_WARN_64_TO_32_BIT_CONVERSION = YES;
				GCC_WARN_ABOUT_RETURN_TYPE = YES_ERROR;
				GCC_WARN_UNDECLARED_SELECTOR = YES;
				GCC_WARN_UNINITIALIZED_AUTOS = YES_AGGRESSIVE;
				GCC_WARN_UNUSED_FUNCTION = YES;
				GCC_WARN_UNUSED_VARIABLE = YES;
				IPHONEOS_DEPLOYMENT_TARGET = 8.1;
				MTL_ENABLE_DEBUG_INFO = NO;
				SDKROOT = iphoneos;
				TARGETED_DEVICE_FAMILY = "1,2";
				VALIDATE_PRODUCT = YES;
			};
			name = Release;
		};
		AC3C4A821A11F47200143C57 /* Debug */ = {
			isa = XCBuildConfiguration;
			baseConfigurationReference = 3AE14FE81840274F92ABA227 /* Pods-Sample.debug.xcconfig */;
			buildSettings = {
				ASSETCATALOG_COMPILER_LAUNCHIMAGE_NAME = LaunchImage;
				INFOPLIST_FILE = Sample/Info.plist;
				IPHONEOS_DEPLOYMENT_TARGET = 8.1;
				LD_RUNPATH_SEARCH_PATHS = "$(inherited) @executable_path/Frameworks";
				PRODUCT_NAME = "$(TARGET_NAME)";
				TARGETED_DEVICE_FAMILY = 1;
			};
			name = Debug;
		};
		AC3C4A831A11F47200143C57 /* Release */ = {
			isa = XCBuildConfiguration;
			baseConfigurationReference = 4BB21270A5CD115520C634A3 /* Pods-Sample.release.xcconfig */;
			buildSettings = {
				ASSETCATALOG_COMPILER_LAUNCHIMAGE_NAME = LaunchImage;
				INFOPLIST_FILE = Sample/Info.plist;
				IPHONEOS_DEPLOYMENT_TARGET = 8.1;
				LD_RUNPATH_SEARCH_PATHS = "$(inherited) @executable_path/Frameworks";
				PRODUCT_NAME = "$(TARGET_NAME)";
				TARGETED_DEVICE_FAMILY = 1;
			};
			name = Release;
		};
/* End XCBuildConfiguration section */

/* Begin XCConfigurationList section */
		AC3C4A591A11F47200143C57 /* Build configuration list for PBXProject "Sample" */ = {
			isa = XCConfigurationList;
			buildConfigurations = (
				AC3C4A7F1A11F47200143C57 /* Debug */,
				AC3C4A801A11F47200143C57 /* Release */,
			);
			defaultConfigurationIsVisible = 0;
			defaultConfigurationName = Release;
		};
		AC3C4A811A11F47200143C57 /* Build configuration list for PBXNativeTarget "Sample" */ = {
			isa = XCConfigurationList;
			buildConfigurations = (
				AC3C4A821A11F47200143C57 /* Debug */,
				AC3C4A831A11F47200143C57 /* Release */,
			);
			defaultConfigurationIsVisible = 0;
			defaultConfigurationName = Release;
		};
/* End XCConfigurationList section */
	};
	rootObject = AC3C4A561A11F47200143C57 /* Project object */;
}
